// !$*UTF8*$!
{
	archiveVersion = 1;
	classes = {
	};
	objectVersion = 50;
	objects = {

/* Begin PBXBuildFile section */
		6666DF0D283344FD003C0E85 /* AppDelegate.swift in Sources */ = {isa = PBXBuildFile; fileRef = 6666DF0C283344FD003C0E85 /* AppDelegate.swift */; };
		6666DF0F283344FD003C0E85 /* ViewController.swift in Sources */ = {isa = PBXBuildFile; fileRef = 6666DF0E283344FD003C0E85 /* ViewController.swift */; };
		6666DF12283344FD003C0E85 /* Main.storyboard in Resources */ = {isa = PBXBuildFile; fileRef = 6666DF10283344FD003C0E85 /* Main.storyboard */; };
		6666DF15283344FD003C0E85 /* MangaOwl.xcdatamodeld in Sources */ = {isa = PBXBuildFile; fileRef = 6666DF13283344FD003C0E85 /* MangaOwl.xcdatamodeld */; };
		6666DF172833450A003C0E85 /* Assets.xcassets in Resources */ = {isa = PBXBuildFile; fileRef = 6666DF162833450A003C0E85 /* Assets.xcassets */; };
		6666DF1A2833450A003C0E85 /* LaunchScreen.storyboard in Resources */ = {isa = PBXBuildFile; fileRef = 6666DF182833450A003C0E85 /* LaunchScreen.storyboard */; };
		6666DF252833450B003C0E85 /* MangaOwlTests.swift in Sources */ = {isa = PBXBuildFile; fileRef = 6666DF242833450B003C0E85 /* MangaOwlTests.swift */; };
/* End PBXBuildFile section */

/* Begin PBXContainerItemProxy section */
		6666DF212833450B003C0E85 /* PBXContainerItemProxy */ = {
			isa = PBXContainerItemProxy;
			containerPortal = 6666DF01283344FC003C0E85 /* Project object */;
			proxyType = 1;
			remoteGlobalIDString = 6666DF08283344FC003C0E85;
			remoteInfo = MangaOwl;
		};
/* End PBXContainerItemProxy section */

/* Begin PBXFileReference section */
		6666DF09283344FC003C0E85 /* MangaOwl.app */ = {isa = PBXFileReference; explicitFileType = wrapper.application; includeInIndex = 0; path = MangaOwl.app; sourceTree = BUILT_PRODUCTS_DIR; };
		6666DF0C283344FD003C0E85 /* AppDelegate.swift */ = {isa = PBXFileReference; lastKnownFileType = sourcecode.swift; path = AppDelegate.swift; sourceTree = "<group>"; };
		6666DF0E283344FD003C0E85 /* ViewController.swift */ = {isa = PBXFileReference; lastKnownFileType = sourcecode.swift; path = ViewController.swift; sourceTree = "<group>"; };
		6666DF11283344FD003C0E85 /* Base */ = {isa = PBXFileReference; lastKnownFileType = file.storyboard; name = Base; path = Base.lproj/Main.storyboard; sourceTree = "<group>"; };
		6666DF14283344FD003C0E85 /* MangaOwl.xcdatamodel */ = {isa = PBXFileReference; lastKnownFileType = wrapper.xcdatamodel; path = MangaOwl.xcdatamodel; sourceTree = "<group>"; };
		6666DF162833450A003C0E85 /* Assets.xcassets */ = {isa = PBXFileReference; lastKnownFileType = folder.assetcatalog; path = Assets.xcassets; sourceTree = "<group>"; };
		6666DF192833450A003C0E85 /* Base */ = {isa = PBXFileReference; lastKnownFileType = file.storyboard; name = Base; path = Base.lproj/LaunchScreen.storyboard; sourceTree = "<group>"; };
		6666DF1B2833450A003C0E85 /* Info.plist */ = {isa = PBXFileReference; lastKnownFileType = text.plist.xml; path = Info.plist; sourceTree = "<group>"; };
		6666DF202833450B003C0E85 /* MangaOwlTests.xctest */ = {isa = PBXFileReference; explicitFileType = wrapper.cfbundle; includeInIndex = 0; path = MangaOwlTests.xctest; sourceTree = BUILT_PRODUCTS_DIR; };
		6666DF242833450B003C0E85 /* MangaOwlTests.swift */ = {isa = PBXFileReference; lastKnownFileType = sourcecode.swift; path = MangaOwlTests.swift; sourceTree = "<group>"; };
		6666DF262833450B003C0E85 /* Info.plist */ = {isa = PBXFileReference; lastKnownFileType = text.plist.xml; path = Info.plist; sourceTree = "<group>"; };
/* End PBXFileReference section */

/* Begin PBXFrameworksBuildPhase section */
		6666DF06283344FC003C0E85 /* Frameworks */ = {
			isa = PBXFrameworksBuildPhase;
			buildActionMask = 2147483647;
			files = (
			);
			runOnlyForDeploymentPostprocessing = 0;
		};
		6666DF1D2833450B003C0E85 /* Frameworks */ = {
			isa = PBXFrameworksBuildPhase;
			buildActionMask = 2147483647;
			files = (
			);
			runOnlyForDeploymentPostprocessing = 0;
		};
/* End PBXFrameworksBuildPhase section */

/* Begin PBXGroup section */
		6666DF00283344FC003C0E85 = {
			isa = PBXGroup;
			children = (
				6666DF0B283344FC003C0E85 /* MangaOwl */,
				6666DF232833450B003C0E85 /* MangaOwlTests */,
				6666DF0A283344FC003C0E85 /* Products */,
			);
			sourceTree = "<group>";
		};
		6666DF0A283344FC003C0E85 /* Products */ = {
			isa = PBXGroup;
			children = (
				6666DF09283344FC003C0E85 /* MangaOwl.app */,
				6666DF202833450B003C0E85 /* MangaOwlTests.xctest */,
			);
			name = Products;
			sourceTree = "<group>";
		};
		6666DF0B283344FC003C0E85 /* MangaOwl */ = {
			isa = PBXGroup;
			children = (
				6666DF2F28334549003C0E85 /* SystemFile */,
				6666DF0E283344FD003C0E85 /* ViewController.swift */,
				6666DF10283344FD003C0E85 /* Main.storyboard */,
				6666DF1B2833450A003C0E85 /* Info.plist */,
			);
			path = MangaOwl;
			sourceTree = "<group>";
		};
		6666DF232833450B003C0E85 /* MangaOwlTests */ = {
			isa = PBXGroup;
			children = (
				6666DF242833450B003C0E85 /* MangaOwlTests.swift */,
				6666DF262833450B003C0E85 /* Info.plist */,
			);
			path = MangaOwlTests;
			sourceTree = "<group>";
		};
		6666DF2F28334549003C0E85 /* SystemFile */ = {
			isa = PBXGroup;
			children = (
				6666DF0C283344FD003C0E85 /* AppDelegate.swift */,
				6666DF162833450A003C0E85 /* Assets.xcassets */,
				6666DF13283344FD003C0E85 /* MangaOwl.xcdatamodeld */,
				6666DF182833450A003C0E85 /* LaunchScreen.storyboard */,
			);
			path = SystemFile;
			sourceTree = "<group>";
		};
/* End PBXGroup section */

/* Begin PBXNativeTarget section */
		6666DF08283344FC003C0E85 /* MangaOwl */ = {
			isa = PBXNativeTarget;
			buildConfigurationList = 6666DF292833450B003C0E85 /* Build configuration list for PBXNativeTarget "MangaOwl" */;
			buildPhases = (
				6666DF05283344FC003C0E85 /* Sources */,
				6666DF06283344FC003C0E85 /* Frameworks */,
				6666DF07283344FC003C0E85 /* Resources */,
			);
			buildRules = (
			);
			dependencies = (
			);
			name = MangaOwl;
			productName = MangaOwl;
			productReference = 6666DF09283344FC003C0E85 /* MangaOwl.app */;
			productType = "com.apple.product-type.application";
		};
		6666DF1F2833450B003C0E85 /* MangaOwlTests */ = {
			isa = PBXNativeTarget;
			buildConfigurationList = 6666DF2C2833450B003C0E85 /* Build configuration list for PBXNativeTarget "MangaOwlTests" */;
			buildPhases = (
				6666DF1C2833450B003C0E85 /* Sources */,
				6666DF1D2833450B003C0E85 /* Frameworks */,
				6666DF1E2833450B003C0E85 /* Resources */,
			);
			buildRules = (
			);
			dependencies = (
				6666DF222833450B003C0E85 /* PBXTargetDependency */,
			);
			name = MangaOwlTests;
			productName = MangaOwlTests;
			productReference = 6666DF202833450B003C0E85 /* MangaOwlTests.xctest */;
			productType = "com.apple.product-type.bundle.unit-test";
		};
/* End PBXNativeTarget section */

/* Begin PBXProject section */
		6666DF01283344FC003C0E85 /* Project object */ = {
			isa = PBXProject;
			attributes = {
				LastSwiftUpdateCheck = 1030;
				LastUpgradeCheck = 1030;
				ORGANIZATIONNAME = fit.tdc;
				TargetAttributes = {
					6666DF08283344FC003C0E85 = {
						CreatedOnToolsVersion = 10.3;
					};
					6666DF1F2833450B003C0E85 = {
						CreatedOnToolsVersion = 10.3;
						TestTargetID = 6666DF08283344FC003C0E85;
					};
				};
			};
			buildConfigurationList = 6666DF04283344FC003C0E85 /* Build configuration list for PBXProject "MangaOwl" */;
			compatibilityVersion = "Xcode 9.3";
			developmentRegion = en;
			hasScannedForEncodings = 0;
			knownRegions = (
				en,
				Base,
			);
			mainGroup = 6666DF00283344FC003C0E85;
			productRefGroup = 6666DF0A283344FC003C0E85 /* Products */;
			projectDirPath = "";
			projectRoot = "";
			targets = (
				6666DF08283344FC003C0E85 /* MangaOwl */,
				6666DF1F2833450B003C0E85 /* MangaOwlTests */,
			);
		};
/* End PBXProject section */

/* Begin PBXResourcesBuildPhase section */
		6666DF07283344FC003C0E85 /* Resources */ = {
			isa = PBXResourcesBuildPhase;
			buildActionMask = 2147483647;
			files = (
				6666DF1A2833450A003C0E85 /* LaunchScreen.storyboard in Resources */,
				6666DF172833450A003C0E85 /* Assets.xcassets in Resources */,
				6666DF12283344FD003C0E85 /* Main.storyboard in Resources */,
			);
			runOnlyForDeploymentPostprocessing = 0;
		};
		6666DF1E2833450B003C0E85 /* Resources */ = {
			isa = PBXResourcesBuildPhase;
			buildActionMask = 2147483647;
			files = (
			);
			runOnlyForDeploymentPostprocessing = 0;
		};
/* End PBXResourcesBuildPhase section */

/* Begin PBXSourcesBuildPhase section */
		6666DF05283344FC003C0E85 /* Sources */ = {
			isa = PBXSourcesBuildPhase;
			buildActionMask = 2147483647;
			files = (
				6666DF0F283344FD003C0E85 /* ViewController.swift in Sources */,
				6666DF0D283344FD003C0E85 /* AppDelegate.swift in Sources */,
				6666DF15283344FD003C0E85 /* MangaOwl.xcdatamodeld in Sources */,
			);
			runOnlyForDeploymentPostprocessing = 0;
		};
		6666DF1C2833450B003C0E85 /* Sources */ = {
			isa = PBXSourcesBuildPhase;
			buildActionMask = 2147483647;
			files = (
				6666DF252833450B003C0E85 /* MangaOwlTests.swift in Sources */,
			);
			runOnlyForDeploymentPostprocessing = 0;
		};
/* End PBXSourcesBuildPhase section */

/* Begin PBXTargetDependency section */
		6666DF222833450B003C0E85 /* PBXTargetDependency */ = {
			isa = PBXTargetDependency;
			target = 6666DF08283344FC003C0E85 /* MangaOwl */;
			targetProxy = 6666DF212833450B003C0E85 /* PBXContainerItemProxy */;
		};
/* End PBXTargetDependency section */

/* Begin PBXVariantGroup section */
		6666DF10283344FD003C0E85 /* Main.storyboard */ = {
			isa = PBXVariantGroup;
			children = (
				6666DF11283344FD003C0E85 /* Base */,
			);
			name = Main.storyboard;
			sourceTree = "<group>";
		};
		6666DF182833450A003C0E85 /* LaunchScreen.storyboard */ = {
			isa = PBXVariantGroup;
			children = (
				6666DF192833450A003C0E85 /* Base */,
			);
			name = LaunchScreen.storyboard;
			sourceTree = "<group>";
		};
/* End PBXVariantGroup section */

/* Begin XCBuildConfiguration section */
		6666DF272833450B003C0E85 /* Debug */ = {
			isa = XCBuildConfiguration;
			buildSettings = {
				ALWAYS_SEARCH_USER_PATHS = NO;
				CLANG_ANALYZER_NONNULL = YES;
				CLANG_ANALYZER_NUMBER_OBJECT_CONVERSION = YES_AGGRESSIVE;
				CLANG_CXX_LANGUAGE_STANDARD = "gnu++14";
				CLANG_CXX_LIBRARY = "libc++";
				CLANG_ENABLE_MODULES = YES;
				CLANG_ENABLE_OBJC_ARC = YES;
				CLANG_ENABLE_OBJC_WEAK = YES;
				CLANG_WARN_BLOCK_CAPTURE_AUTORELEASING = YES;
				CLANG_WARN_BOOL_CONVERSION = YES;
				CLANG_WARN_COMMA = YES;
				CLANG_WARN_CONSTANT_CONVERSION = YES;
				CLANG_WARN_DEPRECATED_OBJC_IMPLEMENTATIONS = YES;
				CLANG_WARN_DIRECT_OBJC_ISA_USAGE = YES_ERROR;
				CLANG_WARN_DOCUMENTATION_COMMENTS = YES;
				CLANG_WARN_EMPTY_BODY = YES;
				CLANG_WARN_ENUM_CONVERSION = YES;
				CLANG_WARN_INFINITE_RECURSION = YES;
				CLANG_WARN_INT_CONVERSION = YES;
				CLANG_WARN_NON_LITERAL_NULL_CONVERSION = YES;
				CLANG_WARN_OBJC_IMPLICIT_RETAIN_SELF = YES;
				CLANG_WARN_OBJC_LITERAL_CONVERSION = YES;
				CLANG_WARN_OBJC_ROOT_CLASS = YES_ERROR;
				CLANG_WARN_RANGE_LOOP_ANALYSIS = YES;
				CLANG_WARN_STRICT_PROTOTYPES = YES;
				CLANG_WARN_SUSPICIOUS_MOVE = YES;
				CLANG_WARN_UNGUARDED_AVAILABILITY = YES_AGGRESSIVE;
				CLANG_WARN_UNREACHABLE_CODE = YES;
				CLANG_WARN__DUPLICATE_METHOD_MATCH = YES;
				CODE_SIGN_IDENTITY = "iPhone Developer";
				COPY_PHASE_STRIP = NO;
				DEBUG_INFORMATION_FORMAT = dwarf;
				ENABLE_STRICT_OBJC_MSGSEND = YES;
				ENABLE_TESTABILITY = YES;
				GCC_C_LANGUAGE_STANDARD = gnu11;
				GCC_DYNAMIC_NO_PIC = NO;
				GCC_NO_COMMON_BLOCKS = YES;
				GCC_OPTIMIZATION_LEVEL = 0;
				GCC_PREPROCESSOR_DEFINITIONS = (
					"DEBUG=1",
					"$(inherited)",
				);
				GCC_WARN_64_TO_32_BIT_CONVERSION = YES;
				GCC_WARN_ABOUT_RETURN_TYPE = YES_ERROR;
				GCC_WARN_UNDECLARED_SELECTOR = YES;
				GCC_WARN_UNINITIALIZED_AUTOS = YES_AGGRESSIVE;
				GCC_WARN_UNUSED_FUNCTION = YES;
				GCC_WARN_UNUSED_VARIABLE = YES;
				IPHONEOS_DEPLOYMENT_TARGET = 12.4;
				MTL_ENABLE_DEBUG_INFO = INCLUDE_SOURCE;
				MTL_FAST_MATH = YES;
				ONLY_ACTIVE_ARCH = YES;
				SDKROOT = iphoneos;
				SWIFT_ACTIVE_COMPILATION_CONDITIONS = DEBUG;
				SWIFT_OPTIMIZATION_LEVEL = "-Onone";
			};
			name = Debug;
		};
		6666DF282833450B003C0E85 /* Release */ = {
			isa = XCBuildConfiguration;
			buildSettings = {
				ALWAYS_SEARCH_USER_PATHS = NO;
				CLANG_ANALYZER_NONNULL = YES;
				CLANG_ANALYZER_NUMBER_OBJECT_CONVERSION = YES_AGGRESSIVE;
				CLANG_CXX_LANGUAGE_STANDARD = "gnu++14";
				CLANG_CXX_LIBRARY = "libc++";
				CLANG_ENABLE_MODULES = YES;
				CLANG_ENABLE_OBJC_ARC = YES;
				CLANG_ENABLE_OBJC_WEAK = YES;
				CLANG_WARN_BLOCK_CAPTURE_AUTORELEASING = YES;
				CLANG_WARN_BOOL_CONVERSION = YES;
				CLANG_WARN_COMMA = YES;
				CLANG_WARN_CONSTANT_CONVERSION = YES;
				CLANG_WARN_DEPRECATED_OBJC_IMPLEMENTATIONS = YES;
				CLANG_WARN_DIRECT_OBJC_ISA_USAGE = YES_ERROR;
				CLANG_WARN_DOCUMENTATION_COMMENTS = YES;
				CLANG_WARN_EMPTY_BODY = YES;
				CLANG_WARN_ENUM_CONVERSION = YES;
				CLANG_WARN_INFINITE_RECURSION = YES;
				CLANG_WARN_INT_CONVERSION = YES;
				CLANG_WARN_NON_LITERAL_NULL_CONVERSION = YES;
				CLANG_WARN_OBJC_IMPLICIT_RETAIN_SELF = YES;
				CLANG_WARN_OBJC_LITERAL_CONVERSION = YES;
				CLANG_WARN_OBJC_ROOT_CLASS = YES_ERROR;
				CLANG_WARN_RANGE_LOOP_ANALYSIS = YES;
				CLANG_WARN_STRICT_PROTOTYPES = YES;
				CLANG_WARN_SUSPICIOUS_MOVE = YES;
				CLANG_WARN_UNGUARDED_AVAILABILITY = YES_AGGRESSIVE;
				CLANG_WARN_UNREACHABLE_CODE = YES;
				CLANG_WARN__DUPLICATE_METHOD_MATCH = YES;
				CODE_SIGN_IDENTITY = "iPhone Developer";
				COPY_PHASE_STRIP = NO;
				DEBUG_INFORMATION_FORMAT = "dwarf-with-dsym";
				ENABLE_NS_ASSERTIONS = NO;
				ENABLE_STRICT_OBJC_MSGSEND = YES;
				GCC_C_LANGUAGE_STANDARD = gnu11;
				GCC_NO_COMMON_BLOCKS = YES;
				GCC_WARN_64_TO_32_BIT_CONVERSION = YES;
				GCC_WARN_ABOUT_RETURN_TYPE = YES_ERROR;
				GCC_WARN_UNDECLARED_SELECTOR = YES;
				GCC_WARN_UNINITIALIZED_AUTOS = YES_AGGRESSIVE;
				GCC_WARN_UNUSED_FUNCTION = YES;
				GCC_WARN_UNUSED_VARIABLE = YES;
				IPHONEOS_DEPLOYMENT_TARGET = 12.4;
				MTL_ENABLE_DEBUG_INFO = NO;
				MTL_FAST_MATH = YES;
				SDKROOT = iphoneos;
				SWIFT_COMPILATION_MODE = wholemodule;
				SWIFT_OPTIMIZATION_LEVEL = "-O";
				VALIDATE_PRODUCT = YES;
			};
			name = Release;
		};
		6666DF2A2833450B003C0E85 /* Debug */ = {
			isa = XCBuildConfiguration;
			buildSettings = {
				ASSETCATALOG_COMPILER_APPICON_NAME = AppIcon;
				CODE_SIGN_STYLE = Automatic;
				INFOPLIST_FILE = MangaOwl/Info.plist;
				LD_RUNPATH_SEARCH_PATHS = (
					"$(inherited)",
					"@executable_path/Frameworks",
				);
				PRODUCT_BUNDLE_IDENTIFIER = tdc.edu.vn.MangaOwl;
				PRODUCT_NAME = "$(TARGET_NAME)";
				SWIFT_VERSION = 5.0;
				TARGETED_DEVICE_FAMILY = "1,2";
			};
			name = Debug;
		};
		6666DF2B2833450B003C0E85 /* Release */ = {
			isa = XCBuildConfiguration;
			buildSettings = {
				ASSETCATALOG_COMPILER_APPICON_NAME = AppIcon;
				CODE_SIGN_STYLE = Automatic;
				INFOPLIST_FILE = MangaOwl/Info.plist;
				LD_RUNPATH_SEARCH_PATHS = (
					"$(inherited)",
					"@executable_path/Frameworks",
				);
				PRODUCT_BUNDLE_IDENTIFIER = tdc.edu.vn.MangaOwl;
				PRODUCT_NAME = "$(TARGET_NAME)";
				SWIFT_VERSION = 5.0;
				TARGETED_DEVICE_FAMILY = "1,2";
			};
			name = Release;
		};
		6666DF2D2833450B003C0E85 /* Debug */ = {
			isa = XCBuildConfiguration;
			buildSettings = {
				ALWAYS_EMBED_SWIFT_STANDARD_LIBRARIES = YES;
				BUNDLE_LOADER = "$(TEST_HOST)";
				CODE_SIGN_STYLE = Automatic;
				INFOPLIST_FILE = MangaOwlTests/Info.plist;
				LD_RUNPATH_SEARCH_PATHS = (
					"$(inherited)",
					"@executable_path/Frameworks",
					"@loader_path/Frameworks",
				);
				PRODUCT_BUNDLE_IDENTIFIER = tdc.edu.vn.MangaOwlTests;
				PRODUCT_NAME = "$(TARGET_NAME)";
				SWIFT_VERSION = 5.0;
				TARGETED_DEVICE_FAMILY = "1,2";
				TEST_HOST = "$(BUILT_PRODUCTS_DIR)/MangaOwl.app/MangaOwl";
			};
			name = Debug;
		};
		6666DF2E2833450B003C0E85 /* Release */ = {
			isa = XCBuildConfiguration;
			buildSettings = {
				ALWAYS_EMBED_SWIFT_STANDARD_LIBRARIES = YES;
				BUNDLE_LOADER = "$(TEST_HOST)";
				CODE_SIGN_STYLE = Automatic;
				INFOPLIST_FILE = MangaOwlTests/Info.plist;
				LD_RUNPATH_SEARCH_PATHS = (
					"$(inherited)",
					"@executable_path/Frameworks",
					"@loader_path/Frameworks",
				);
				PRODUCT_BUNDLE_IDENTIFIER = tdc.edu.vn.MangaOwlTests;
				PRODUCT_NAME = "$(TARGET_NAME)";
				SWIFT_VERSION = 5.0;
				TARGETED_DEVICE_FAMILY = "1,2";
				TEST_HOST = "$(BUILT_PRODUCTS_DIR)/MangaOwl.app/MangaOwl";
			};
			name = Release;
		};
/* End XCBuildConfiguration section */

/* Begin XCConfigurationList section */
		6666DF04283344FC003C0E85 /* Build configuration list for PBXProject "MangaOwl" */ = {
			isa = XCConfigurationList;
			buildConfigurations = (
				6666DF272833450B003C0E85 /* Debug */,
				6666DF282833450B003C0E85 /* Release */,
			);
			defaultConfigurationIsVisible = 0;
			defaultConfigurationName = Release;
		};
		6666DF292833450B003C0E85 /* Build configuration list for PBXNativeTarget "MangaOwl" */ = {
			isa = XCConfigurationList;
			buildConfigurations = (
				6666DF2A2833450B003C0E85 /* Debug */,
				6666DF2B2833450B003C0E85 /* Release */,
			);
			defaultConfigurationIsVisible = 0;
			defaultConfigurationName = Release;
		};
		6666DF2C2833450B003C0E85 /* Build configuration list for PBXNativeTarget "MangaOwlTests" */ = {
			isa = XCConfigurationList;
			buildConfigurations = (
				6666DF2D2833450B003C0E85 /* Debug */,
				6666DF2E2833450B003C0E85 /* Release */,
			);
			defaultConfigurationIsVisible = 0;
			defaultConfigurationName = Release;
		};
/* End XCConfigurationList section */

/* Begin XCVersionGroup section */
		6666DF13283344FD003C0E85 /* MangaOwl.xcdatamodeld */ = {
			isa = XCVersionGroup;
			children = (
				6666DF14283344FD003C0E85 /* MangaOwl.xcdatamodel */,
			);
			currentVersion = 6666DF14283344FD003C0E85 /* MangaOwl.xcdatamodel */;
			path = MangaOwl.xcdatamodeld;
			sourceTree = "<group>";
			versionGroupType = wrapper.xcdatamodel;
		};
/* End XCVersionGroup section */
	};
	rootObject = 6666DF01283344FC003C0E85 /* Project object */;
}
